
Microsoft Visual Studio Solution File, Format Version 12.00
# Visual Studio Version 17
VisualStudioVersion = 17.4.33205.214
MinimumVisualStudioVersion = 10.0.40219.1
Project("{9A19103F-16F7-4668-BE54-9A1E7A4F7556}") = "ViteNET", "ViteNET.csproj", "{383540C6-9996-43E0-A675-FC711ED91964}"
EndProject
Project("{2150E333-8FDC-42A3-9474-1A3956D46DE8}") = "Lib", "Lib", "{E9619328-E050-4C6D-A4C8-161C26274CAD}"
EndProject
Project("{9A19103F-16F7-4668-BE54-9A1E7A4F7556}") = "Vite.AspNetCore", "..\src\Vite.AspNetCore\Vite.AspNetCore.csproj", "{C67419B7-B9FB-409F-B60D-59DD76FA39BD}"
EndProject
Global
	GlobalSection(SolutionConfigurationPlatforms) = preSolution
		Debug|Any CPU = Debug|Any CPU
		Release|Any CPU = Release|Any CPU
	EndGlobalSection
	GlobalSection(ProjectConfigurationPlatforms) = postSolution
		{383540C6-9996-43E0-A675-FC711ED91964}.Debug|Any CPU.ActiveCfg = Debug|Any CPU
		{383540C6-9996-43E0-A675-FC711ED91964}.Debug|Any CPU.Build.0 = Debug|Any CPU
		{383540C6-9996-43E0-A675-FC711ED91964}.Release|Any CPU.ActiveCfg = Release|Any CPU
		{383540C6-9996-43E0-A675-FC711ED91964}.Release|Any CPU.Build.0 = Release|Any CPU
		{C67419B7-B9FB-409F-B60D-59DD76FA39BD}.Debug|Any CPU.ActiveCfg = Debug|Any CPU
		{C67419B7-B9FB-409F-B60D-59DD76FA39BD}.Debug|Any CPU.Build.0 = Debug|Any CPU
		{C67419B7-B9FB-409F-B60D-59DD76FA39BD}.Release|Any CPU.ActiveCfg = Release|Any CPU
		{C67419B7-B9FB-409F-B60D-59DD76FA39BD}.Release|Any CPU.Build.0 = Release|Any CPU
	EndGlobalSection
	GlobalSection(SolutionProperties) = preSolution
		HideSolutionNode = FALSE
	EndGlobalSection
	GlobalSection(NestedProjects) = preSolution
		{C67419B7-B9FB-409F-B60D-59DD76FA39BD} = {E9619328-E050-4C6D-A4C8-161C26274CAD}
	EndGlobalSection
	GlobalSection(ExtensibilityGlobals) = postSolution
		SolutionGuid = {E639557B-5E53-4EC9-AB71-C64E275BE060}
	EndGlobalSection
EndGlobal
